
Microsoft Visual Studio Solution File, Format Version 12.00
# Visual Studio Version 16
VisualStudioVersion = 16.0.30128.74
MinimumVisualStudioVersion = 10.0.40219.1
Project("{FAE04EC0-301F-11D3-BF4B-00C04F79EFBC}") = "Tasks", "Tasks\Tasks.csproj", "{15B0CBFF-BE62-420C-878A-94FC6590A01D}"
EndProject
Project("{FAE04EC0-301F-11D3-BF4B-00C04F79EFBC}") = "Tasks.Tests", "Tasks.Tests\Tasks.Tests.csproj", "{7300E494-0DC7-4233-8732-93D685B0F485}"
EndProject
Global
	GlobalSection(SolutionConfigurationPlatforms) = preSolution
		Debug|Any CPU = Debug|Any CPU
		Debug|Mixed Platforms = Debug|Mixed Platforms
		Debug|x86 = Debug|x86
		Release|Any CPU = Release|Any CPU
		Release|Mixed Platforms = Release|Mixed Platforms
		Release|x86 = Release|x86
	EndGlobalSection
	GlobalSection(ProjectConfigurationPlatforms) = postSolution
		{15B0CBFF-BE62-420C-878A-94FC6590A01D}.Debug|Any CPU.ActiveCfg = Debug|Any CPU
		{15B0CBFF-BE62-420C-878A-94FC6590A01D}.Debug|Any CPU.Build.0 = Debug|Any CPU
		{15B0CBFF-BE62-420C-878A-94FC6590A01D}.Debug|Mixed Platforms.ActiveCfg = Debug|Any CPU
		{15B0CBFF-BE62-420C-878A-94FC6590A01D}.Debug|Mixed Platforms.Build.0 = Debug|Any CPU
		{15B0CBFF-BE62-420C-878A-94FC6590A01D}.Debug|x86.ActiveCfg = Debug|Any CPU
		{15B0CBFF-BE62-420C-878A-94FC6590A01D}.Debug|x86.Build.0 = Debug|Any CPU
		{15B0CBFF-BE62-420C-878A-94FC6590A01D}.Release|Any CPU.ActiveCfg = Release|Any CPU
		{15B0CBFF-BE62-420C-878A-94FC6590A01D}.Release|Any CPU.Build.0 = Release|Any CPU
		{15B0CBFF-BE62-420C-878A-94FC6590A01D}.Release|Mixed Platforms.ActiveCfg = Release|Any CPU
		{15B0CBFF-BE62-420C-878A-94FC6590A01D}.Release|Mixed Platforms.Build.0 = Release|Any CPU
		{15B0CBFF-BE62-420C-878A-94FC6590A01D}.Release|x86.ActiveCfg = Release|Any CPU
		{15B0CBFF-BE62-420C-878A-94FC6590A01D}.Release|x86.Build.0 = Release|Any CPU
		{7300E494-0DC7-4233-8732-93D685B0F485}.Debug|Any CPU.ActiveCfg = Debug|Any CPU
		{7300E494-0DC7-4233-8732-93D685B0F485}.Debug|Any CPU.Build.0 = Debug|Any CPU
		{7300E494-0DC7-4233-8732-93D685B0F485}.Debug|Mixed Platforms.ActiveCfg = Debug|Any CPU
		{7300E494-0DC7-4233-8732-93D685B0F485}.Debug|Mixed Platforms.Build.0 = Debug|Any CPU
		{7300E494-0DC7-4233-8732-93D685B0F485}.Debug|x86.ActiveCfg = Debug|Any CPU
		{7300E494-0DC7-4233-8732-93D685B0F485}.Release|Any CPU.ActiveCfg = Release|Any CPU
		{7300E494-0DC7-4233-8732-93D685B0F485}.Release|Any CPU.Build.0 = Release|Any CPU
		{7300E494-0DC7-4233-8732-93D685B0F485}.Release|Mixed Platforms.ActiveCfg = Release|Any CPU
		{7300E494-0DC7-4233-8732-93D685B0F485}.Release|Mixed Platforms.Build.0 = Release|Any CPU
		{7300E494-0DC7-4233-8732-93D685B0F485}.Release|x86.ActiveCfg = Release|Any CPU
	EndGlobalSection
	GlobalSection(SolutionProperties) = preSolution
		HideSolutionNode = FALSE
	EndGlobalSection
	GlobalSection(ExtensibilityGlobals) = postSolution
		SolutionGuid = {E7DD7DB2-3EAD-49DB-9626-0074036608B6}
	EndGlobalSection
EndGlobal
